// !$*UTF8*$!
{
	archiveVersion = 1;
	classes = {
	};
	objectVersion = 46;
	objects = {

/* Begin PBXBuildFile section */
		78255E7D1D742A9800CECC5D /* main.m in Sources */ = {isa = PBXBuildFile; fileRef = 78255E7C1D742A9800CECC5D /* main.m */; };
		78255E801D742A9800CECC5D /* AppDelegate.m in Sources */ = {isa = PBXBuildFile; fileRef = 78255E7F1D742A9800CECC5D /* AppDelegate.m */; };
		78255E831D742A9800CECC5D /* ViewController.m in Sources */ = {isa = PBXBuildFile; fileRef = 78255E821D742A9800CECC5D /* ViewController.m */; };
		78255E861D742A9800CECC5D /* Main.storyboard in Resources */ = {isa = PBXBuildFile; fileRef = 78255E841D742A9800CECC5D /* Main.storyboard */; };
		78255E881D742A9800CECC5D /* Assets.xcassets in Resources */ = {isa = PBXBuildFile; fileRef = 78255E871D742A9800CECC5D /* Assets.xcassets */; };
		78255E8B1D742A9800CECC5D /* LaunchScreen.storyboard in Resources */ = {isa = PBXBuildFile; fileRef = 78255E891D742A9800CECC5D /* LaunchScreen.storyboard */; };
/* End PBXBuildFile section */

/* Begin PBXFileReference section */
		78255E781D742A9800CECC5D /* AstaGuru.app */ = {isa = PBXFileReference; explicitFileType = wrapper.application; includeInIndex = 0; path = AstaGuru.app; sourceTree = BUILT_PRODUCTS_DIR; };
		78255E7C1D742A9800CECC5D /* main.m */ = {isa = PBXFileReference; lastKnownFileType = sourcecode.c.objc; path = main.m; sourceTree = "<group>"; };
		78255E7E1D742A9800CECC5D /* AppDelegate.h */ = {isa = PBXFileReference; lastKnownFileType = sourcecode.c.h; path = AppDelegate.h; sourceTree = "<group>"; };
		78255E7F1D742A9800CECC5D /* AppDelegate.m */ = {isa = PBXFileReference; lastKnownFileType = sourcecode.c.objc; path = AppDelegate.m; sourceTree = "<group>"; };
		78255E811D742A9800CECC5D /* ViewController.h */ = {isa = PBXFileReference; lastKnownFileType = sourcecode.c.h; path = ViewController.h; sourceTree = "<group>"; };
		78255E821D742A9800CECC5D /* ViewController.m */ = {isa = PBXFileReference; lastKnownFileType = sourcecode.c.objc; path = ViewController.m; sourceTree = "<group>"; };
		78255E851D742A9800CECC5D /* Base */ = {isa = PBXFileReference; lastKnownFileType = file.storyboard; name = Base; path = Base.lproj/Main.storyboard; sourceTree = "<group>"; };
		78255E871D742A9800CECC5D /* Assets.xcassets */ = {isa = PBXFileReference; lastKnownFileType = folder.assetcatalog; path = Assets.xcassets; sourceTree = "<group>"; };
		78255E8A1D742A9800CECC5D /* Base */ = {isa = PBXFileReference; lastKnownFileType = file.storyboard; name = Base; path = Base.lproj/LaunchScreen.storyboard; sourceTree = "<group>"; };
		78255E8C1D742A9800CECC5D /* Info.plist */ = {isa = PBXFileReference; lastKnownFileType = text.plist.xml; path = Info.plist; sourceTree = "<group>"; };
/* End PBXFileReference section */

/* Begin PBXFrameworksBuildPhase section */
		78255E751D742A9800CECC5D /* Frameworks */ = {
			isa = PBXFrameworksBuildPhase;
			buildActionMask = 2147483647;
			files = (
			);
			runOnlyForDeploymentPostprocessing = 0;
		};
/* End PBXFrameworksBuildPhase section */

/* Begin PBXGroup section */
		78255E6F1D742A9800CECC5D = {
			isa = PBXGroup;
			children = (
				78255E7A1D742A9800CECC5D /* AstaGuru */,
				78255E791D742A9800CECC5D /* Products */,
			);
			sourceTree = "<group>";
		};
		78255E791D742A9800CECC5D /* Products */ = {
			isa = PBXGroup;
			children = (
				78255E781D742A9800CECC5D /* AstaGuru.app */,
			);
			name = Products;
			sourceTree = "<group>";
		};
		78255E7A1D742A9800CECC5D /* AstaGuru */ = {
			isa = PBXGroup;
			children = (
				78255E7E1D742A9800CECC5D /* AppDelegate.h */,
				78255E7F1D742A9800CECC5D /* AppDelegate.m */,
				78255E811D742A9800CECC5D /* ViewController.h */,
				78255E821D742A9800CECC5D /* ViewController.m */,
				78255E841D742A9800CECC5D /* Main.storyboard */,
				78255E871D742A9800CECC5D /* Assets.xcassets */,
				78255E891D742A9800CECC5D /* LaunchScreen.storyboard */,
				78255E8C1D742A9800CECC5D /* Info.plist */,
				78255E7B1D742A9800CECC5D /* Supporting Files */,
			);
			path = AstaGuru;
			sourceTree = "<group>";
		};
		78255E7B1D742A9800CECC5D /* Supporting Files */ = {
			isa = PBXGroup;
			children = (
				78255E7C1D742A9800CECC5D /* main.m */,
			);
			name = "Supporting Files";
			sourceTree = "<group>";
		};
/* End PBXGroup section */

/* Begin PBXNativeTarget section */
		78255E771D742A9800CECC5D /* AstaGuru */ = {
			isa = PBXNativeTarget;
			buildConfigurationList = 78255E8F1D742A9800CECC5D /* Build configuration list for PBXNativeTarget "AstaGuru" */;
			buildPhases = (
				78255E741D742A9800CECC5D /* Sources */,
				78255E751D742A9800CECC5D /* Frameworks */,
				78255E761D742A9800CECC5D /* Resources */,
			);
			buildRules = (
			);
			dependencies = (
			);
			name = AstaGuru;
			productName = AstaGuru;
			productReference = 78255E781D742A9800CECC5D /* AstaGuru.app */;
			productType = "com.apple.product-type.application";
		};
/* End PBXNativeTarget section */

/* Begin PBXProject section */
		78255E701D742A9800CECC5D /* Project object */ = {
			isa = PBXProject;
			attributes = {
				LastUpgradeCheck = 0720;
				ORGANIZATIONNAME = "Aarya Tech";
				TargetAttributes = {
					78255E771D742A9800CECC5D = {
						CreatedOnToolsVersion = 7.2;
					};
				};
			};
			buildConfigurationList = 78255E731D742A9800CECC5D /* Build configuration list for PBXProject "AstaGuru" */;
			compatibilityVersion = "Xcode 3.2";
			developmentRegion = English;
			hasScannedForEncodings = 0;
			knownRegions = (
				en,
				Base,
			);
			mainGroup = 78255E6F1D742A9800CECC5D;
			productRefGroup = 78255E791D742A9800CECC5D /* Products */;
			projectDirPath = "";
			projectRoot = "";
			targets = (
				78255E771D742A9800CECC5D /* AstaGuru */,
			);
		};
/* End PBXProject section */

/* Begin PBXResourcesBuildPhase section */
		78255E761D742A9800CECC5D /* Resources */ = {
			isa = PBXResourcesBuildPhase;
			buildActionMask = 2147483647;
			files = (
				78255E8B1D742A9800CECC5D /* LaunchScreen.storyboard in Resources */,
				78255E881D742A9800CECC5D /* Assets.xcassets in Resources */,
				78255E861D742A9800CECC5D /* Main.storyboard in Resources */,
			);
			runOnlyForDeploymentPostprocessing = 0;
		};
/* End PBXResourcesBuildPhase section */

/* Begin PBXSourcesBuildPhase section */
		78255E741D742A9800CECC5D /* Sources */ = {
			isa = PBXSourcesBuildPhase;
			buildActionMask = 2147483647;
			files = (
				78255E831D742A9800CECC5D /* ViewController.m in Sources */,
				78255E801D742A9800CECC5D /* AppDelegate.m in Sources */,
				78255E7D1D742A9800CECC5D /* main.m in Sources */,
			);
			runOnlyForDeploymentPostprocessing = 0;
		};
/* End PBXSourcesBuildPhase section */

/* Begin PBXVariantGroup section */
		78255E841D742A9800CECC5D /* Main.storyboard */ = {
			isa = PBXVariantGroup;
			children = (
				78255E851D742A9800CECC5D /* Base */,
			);
			name = Main.storyboard;
			sourceTree = "<group>";
		};
		78255E891D742A9800CECC5D /* LaunchScreen.storyboard */ = {
			isa = PBXVariantGroup;
			children = (
				78255E8A1D742A9800CECC5D /* Base */,
			);
			name = LaunchScreen.storyboard;
			sourceTree = "<group>";
		};
/* End PBXVariantGroup section */

/* Begin XCBuildConfiguration section */
		78255E8D1D742A9800CECC5D /* Debug */ = {
			isa = XCBuildConfiguration;
			buildSettings = {
				ALWAYS_SEARCH_USER_PATHS = NO;
				CLANG_CXX_LANGUAGE_STANDARD = "gnu++0x";
				CLANG_CXX_LIBRARY = "libc++";
				CLANG_ENABLE_MODULES = YES;
				CLANG_ENABLE_OBJC_ARC = YES;
				CLANG_WARN_BOOL_CONVERSION = YES;
				CLANG_WARN_CONSTANT_CONVERSION = YES;
				CLANG_WARN_DIRECT_OBJC_ISA_USAGE = YES_ERROR;
				CLANG_WARN_EMPTY_BODY = YES;
				CLANG_WARN_ENUM_CONVERSION = YES;
				CLANG_WARN_INT_CONVERSION = YES;
				CLANG_WARN_OBJC_ROOT_CLASS = YES_ERROR;
				CLANG_WARN_UNREACHABLE_CODE = YES;
				CLANG_WARN__DUPLICATE_METHOD_MATCH = YES;
				"CODE_SIGN_IDENTITY[sdk=iphoneos*]" = "iPhone Developer";
				COPY_PHASE_STRIP = NO;
				DEBUG_INFORMATION_FORMAT = dwarf;
				ENABLE_STRICT_OBJC_MSGSEND = YES;
				ENABLE_TESTABILITY = YES;
				GCC_C_LANGUAGE_STANDARD = gnu99;
				GCC_DYNAMIC_NO_PIC = NO;
				GCC_NO_COMMON_BLOCKS = YES;
				GCC_OPTIMIZATION_LEVEL = 0;
				GCC_PREPROCESSOR_DEFINITIONS = (
					"DEBUG=1",
					"$(inherited)",
				);
				GCC_WARN_64_TO_32_BIT_CONVERSION = YES;
				GCC_WARN_ABOUT_RETURN_TYPE = YES_ERROR;
				GCC_WARN_UNDECLARED_SELECTOR = YES;
				GCC_WARN_UNINITIALIZED_AUTOS = YES_AGGRESSIVE;
				GCC_WARN_UNUSED_FUNCTION = YES;
				GCC_WARN_UNUSED_VARIABLE = YES;
				IPHONEOS_DEPLOYMENT_TARGET = 9.2;
				MTL_ENABLE_DEBUG_INFO = YES;
				ONLY_ACTIVE_ARCH = YES;
				SDKROOT = iphoneos;
				TARGETED_DEVICE_FAMILY = "1,2";
			};
			name = Debug;
		};
		78255E8E1D742A9800CECC5D /* Release */ = {
			isa = XCBuildConfiguration;
			buildSettings = {
				ALWAYS_SEARCH_USER_PATHS = NO;
				CLANG_CXX_LANGUAGE_STANDARD = "gnu++0x";
				CLANG_CXX_LIBRARY = "libc++";
				CLANG_ENABLE_MODULES = YES;
				CLANG_ENABLE_OBJC_ARC = YES;
				CLANG_WARN_BOOL_CONVERSION = YES;
				CLANG_WARN_CONSTANT_CONVERSION = YES;
				CLANG_WARN_DIRECT_OBJC_ISA_USAGE = YES_ERROR;
				CLANG_WARN_EMPTY_BODY = YES;
				CLANG_WARN_ENUM_CONVERSION = YES;
				CLANG_WARN_INT_CONVERSION = YES;
				CLANG_WARN_OBJC_ROOT_CLASS = YES_ERROR;
				CLANG_WARN_UNREACHABLE_CODE = YES;
				CLANG_WARN__DUPLICATE_METHOD_MATCH = YES;
				"CODE_SIGN_IDENTITY[sdk=iphoneos*]" = "iPhone Developer";
				COPY_PHASE_STRIP = NO;
				DEBUG_INFORMATION_FORMAT = "dwarf-with-dsym";
				ENABLE_NS_ASSERTIONS = NO;
				ENABLE_STRICT_OBJC_MSGSEND = YES;
				GCC_C_LANGUAGE_STANDARD = gnu99;
				GCC_NO_COMMON_BLOCKS = YES;
				GCC_WARN_64_TO_32_BIT_CONVERSION = YES;
				GCC_WARN_ABOUT_RETURN_TYPE = YES_ERROR;
				GCC_WARN_UNDECLARED_SELECTOR = YES;
				GCC_WARN_UNINITIALIZED_AUTOS = YES_AGGRESSIVE;
				GCC_WARN_UNUSED_FUNCTION = YES;
				GCC_WARN_UNUSED_VARIABLE = YES;
				IPHONEOS_DEPLOYMENT_TARGET = 9.2;
				MTL_ENABLE_DEBUG_INFO = NO;
				SDKROOT = iphoneos;
				TARGETED_DEVICE_FAMILY = "1,2";
				VALIDATE_PRODUCT = YES;
			};
			name = Release;
		};
		78255E901D742A9800CECC5D /* Debug */ = {
			isa = XCBuildConfiguration;
			buildSettings = {
				ASSETCATALOG_COMPILER_APPICON_NAME = AppIcon;
				INFOPLIST_FILE = AstaGuru/Info.plist;
				LD_RUNPATH_SEARCH_PATHS = "$(inherited) @executable_path/Frameworks";
				PRODUCT_BUNDLE_IDENTIFIER = com.ATS.AstaGuru;
				PRODUCT_NAME = "$(TARGET_NAME)";
			};
			name = Debug;
		};
		78255E911D742A9800CECC5D /* Release */ = {
			isa = XCBuildConfiguration;
			buildSettings = {
				ASSETCATALOG_COMPILER_APPICON_NAME = AppIcon;
				INFOPLIST_FILE = AstaGuru/Info.plist;
				LD_RUNPATH_SEARCH_PATHS = "$(inherited) @executable_path/Frameworks";
				PRODUCT_BUNDLE_IDENTIFIER = com.ATS.AstaGuru;
				PRODUCT_NAME = "$(TARGET_NAME)";
			};
			name = Release;
		};
/* End XCBuildConfiguration section */

/* Begin XCConfigurationList section */
		78255E731D742A9800CECC5D /* Build configuration list for PBXProject "AstaGuru" */ = {
			isa = XCConfigurationList;
			buildConfigurations = (
				78255E8D1D742A9800CECC5D /* Debug */,
				78255E8E1D742A9800CECC5D /* Release */,
			);
			defaultConfigurationIsVisible = 0;
			defaultConfigurationName = Release;
		};
		78255E8F1D742A9800CECC5D /* Build configuration list for PBXNativeTarget "AstaGuru" */ = {
			isa = XCConfigurationList;
			buildConfigurations = (
				78255E901D742A9800CECC5D /* Debug */,
				78255E911D742A9800CECC5D /* Release */,
			);
			defaultConfigurationIsVisible = 0;
		};
/* End XCConfigurationList section */
	};
	rootObject = 78255E701D742A9800CECC5D /* Project object */;
}
